
Microsoft Visual Studio Solution File, Format Version 12.00
# Visual Studio 15
VisualStudioVersion = 15.0.27004.2005
MinimumVisualStudioVersion = 10.0.40219.1
Project("{FAE04EC0-301F-11D3-BF4B-00C04F79EFBC}") = "ToDoApp.Android", "ToDoApp\ToDoApp.Android\ToDoApp.Android.csproj", "{52870325-74F6-4523-A020-292008154594}"
EndProject
Project("{FAE04EC0-301F-11D3-BF4B-00C04F79EFBC}") = "ToDoApp.UWP", "ToDoApp\ToDoApp.UWP\ToDoApp.UWP.csproj", "{AD6EAECB-B623-4C9C-B394-8609ECE1AC2E}"
EndProject
Project("{FAE04EC0-301F-11D3-BF4B-00C04F79EFBC}") = "ToDoApp.iOS", "ToDoApp\ToDoApp.iOS\ToDoApp.iOS.csproj", "{2310856E-620B-412D-BE59-9199930627BD}"
EndProject
Project("{FAE04EC0-301F-11D3-BF4B-00C04F79EFBC}") = "ToDoApp.Standard", "ToDoApp\ToDoApp.Standard\ToDoApp.Standard.csproj", "{8A2A6AD2-0C63-4C54-B256-70EBE3688640}"
EndProject
Global
	GlobalSection(SolutionConfigurationPlatforms) = preSolution
		Ad-Hoc|Any CPU = Ad-Hoc|Any CPU
		Ad-Hoc|ARM = Ad-Hoc|ARM
		Ad-Hoc|iPhone = Ad-Hoc|iPhone
		Ad-Hoc|iPhoneSimulator = Ad-Hoc|iPhoneSimulator
		Ad-Hoc|x64 = Ad-Hoc|x64
		Ad-Hoc|x86 = Ad-Hoc|x86
		AppStore|Any CPU = AppStore|Any CPU
		AppStore|ARM = AppStore|ARM
		AppStore|iPhone = AppStore|iPhone
		AppStore|iPhoneSimulator = AppStore|iPhoneSimulator
		AppStore|x64 = AppStore|x64
		AppStore|x86 = AppStore|x86
		Debug|Any CPU = Debug|Any CPU
		Debug|ARM = Debug|ARM
		Debug|iPhone = Debug|iPhone
		Debug|iPhoneSimulator = Debug|iPhoneSimulator
		Debug|x64 = Debug|x64
		Debug|x86 = Debug|x86
		Release|Any CPU = Release|Any CPU
		Release|ARM = Release|ARM
		Release|iPhone = Release|iPhone
		Release|iPhoneSimulator = Release|iPhoneSimulator
		Release|x64 = Release|x64
		Release|x86 = Release|x86
	EndGlobalSection
	GlobalSection(ProjectConfigurationPlatforms) = postSolution
		{52870325-74F6-4523-A020-292008154594}.Ad-Hoc|Any CPU.ActiveCfg = Release|Any CPU
		{52870325-74F6-4523-A020-292008154594}.Ad-Hoc|Any CPU.Build.0 = Release|Any CPU
		{52870325-74F6-4523-A020-292008154594}.Ad-Hoc|Any CPU.Deploy.0 = Release|Any CPU
		{52870325-74F6-4523-A020-292008154594}.Ad-Hoc|ARM.ActiveCfg = Release|Any CPU
		{52870325-74F6-4523-A020-292008154594}.Ad-Hoc|ARM.Build.0 = Release|Any CPU
		{52870325-74F6-4523-A020-292008154594}.Ad-Hoc|ARM.Deploy.0 = Release|Any CPU
		{52870325-74F6-4523-A020-292008154594}.Ad-Hoc|iPhone.ActiveCfg = Release|Any CPU
		{52870325-74F6-4523-A020-292008154594}.Ad-Hoc|iPhone.Build.0 = Release|Any CPU
		{52870325-74F6-4523-A020-292008154594}.Ad-Hoc|iPhone.Deploy.0 = Release|Any CPU
		{52870325-74F6-4523-A020-292008154594}.Ad-Hoc|iPhoneSimulator.ActiveCfg = Release|Any CPU
		{52870325-74F6-4523-A020-292008154594}.Ad-Hoc|iPhoneSimulator.Build.0 = Release|Any CPU
		{52870325-74F6-4523-A020-292008154594}.Ad-Hoc|iPhoneSimulator.Deploy.0 = Release|Any CPU
		{52870325-74F6-4523-A020-292008154594}.Ad-Hoc|x64.ActiveCfg = Release|Any CPU
		{52870325-74F6-4523-A020-292008154594}.Ad-Hoc|x64.Build.0 = Release|Any CPU
		{52870325-74F6-4523-A020-292008154594}.Ad-Hoc|x64.Deploy.0 = Release|Any CPU
		{52870325-74F6-4523-A020-292008154594}.Ad-Hoc|x86.ActiveCfg = Release|Any CPU
		{52870325-74F6-4523-A020-292008154594}.Ad-Hoc|x86.Build.0 = Release|Any CPU
		{52870325-74F6-4523-A020-292008154594}.Ad-Hoc|x86.Deploy.0 = Release|Any CPU
		{52870325-74F6-4523-A020-292008154594}.AppStore|Any CPU.ActiveCfg = Release|Any CPU
		{52870325-74F6-4523-A020-292008154594}.AppStore|Any CPU.Build.0 = Release|Any CPU
		{52870325-74F6-4523-A020-292008154594}.AppStore|Any CPU.Deploy.0 = Release|Any CPU
		{52870325-74F6-4523-A020-292008154594}.AppStore|ARM.ActiveCfg = Release|Any CPU
		{52870325-74F6-4523-A020-292008154594}.AppStore|ARM.Build.0 = Release|Any CPU
		{52870325-74F6-4523-A020-292008154594}.AppStore|ARM.Deploy.0 = Release|Any CPU
		{52870325-74F6-4523-A020-292008154594}.AppStore|iPhone.ActiveCfg = Release|Any CPU
		{52870325-74F6-4523-A020-292008154594}.AppStore|iPhone.Build.0 = Release|Any CPU
		{52870325-74F6-4523-A020-292008154594}.AppStore|iPhone.Deploy.0 = Release|Any CPU
		{52870325-74F6-4523-A020-292008154594}.AppStore|iPhoneSimulator.ActiveCfg = Release|Any CPU
		{52870325-74F6-4523-A020-292008154594}.AppStore|iPhoneSimulator.Build.0 = Release|Any CPU
		{52870325-74F6-4523-A020-292008154594}.AppStore|iPhoneSimulator.Deploy.0 = Release|Any CPU
		{52870325-74F6-4523-A020-292008154594}.AppStore|x64.ActiveCfg = Release|Any CPU
		{52870325-74F6-4523-A020-292008154594}.AppStore|x64.Build.0 = Release|Any CPU
		{52870325-74F6-4523-A020-292008154594}.AppStore|x64.Deploy.0 = Release|Any CPU
		{52870325-74F6-4523-A020-292008154594}.AppStore|x86.ActiveCfg = Release|Any CPU
		{52870325-74F6-4523-A020-292008154594}.AppStore|x86.Build.0 = Release|Any CPU
		{52870325-74F6-4523-A020-292008154594}.AppStore|x86.Deploy.0 = Release|Any CPU
		{52870325-74F6-4523-A020-292008154594}.Debug|Any CPU.ActiveCfg = Debug|Any CPU
		{52870325-74F6-4523-A020-292008154594}.Debug|Any CPU.Build.0 = Debug|Any CPU
		{52870325-74F6-4523-A020-292008154594}.Debug|Any CPU.Deploy.0 = Debug|Any CPU
		{52870325-74F6-4523-A020-292008154594}.Debug|ARM.ActiveCfg = Debug|Any CPU
		{52870325-74F6-4523-A020-292008154594}.Debug|ARM.Build.0 = Debug|Any CPU
		{52870325-74F6-4523-A020-292008154594}.Debug|ARM.Deploy.0 = Debug|Any CPU
		{52870325-74F6-4523-A020-292008154594}.Debug|iPhone.ActiveCfg = Debug|Any CPU
		{52870325-74F6-4523-A020-292008154594}.Debug|iPhone.Build.0 = Debug|Any CPU
		{52870325-74F6-4523-A020-292008154594}.Debug|iPhone.Deploy.0 = Debug|Any CPU
		{52870325-74F6-4523-A020-292008154594}.Debug|iPhoneSimulator.ActiveCfg = Debug|Any CPU
		{52870325-74F6-4523-A020-292008154594}.Debug|iPhoneSimulator.Build.0 = Debug|Any CPU
		{52870325-74F6-4523-A020-292008154594}.Debug|iPhoneSimulator.Deploy.0 = Debug|Any CPU
		{52870325-74F6-4523-A020-292008154594}.Debug|x64.ActiveCfg = Debug|Any CPU
		{52870325-74F6-4523-A020-292008154594}.Debug|x64.Build.0 = Debug|Any CPU
		{52870325-74F6-4523-A020-292008154594}.Debug|x64.Deploy.0 = Debug|Any CPU
		{52870325-74F6-4523-A020-292008154594}.Debug|x86.ActiveCfg = Debug|Any CPU
		{52870325-74F6-4523-A020-292008154594}.Debug|x86.Build.0 = Debug|Any CPU
		{52870325-74F6-4523-A020-292008154594}.Debug|x86.Deploy.0 = Debug|Any CPU
		{52870325-74F6-4523-A020-292008154594}.Release|Any CPU.ActiveCfg = Release|Any CPU
		{52870325-74F6-4523-A020-292008154594}.Release|Any CPU.Build.0 = Release|Any CPU
		{52870325-74F6-4523-A020-292008154594}.Release|Any CPU.Deploy.0 = Release|Any CPU
		{52870325-74F6-4523-A020-292008154594}.Release|ARM.ActiveCfg = Release|Any CPU
		{52870325-74F6-4523-A020-292008154594}.Release|ARM.Build.0 = Release|Any CPU
		{52870325-74F6-4523-A020-292008154594}.Release|ARM.Deploy.0 = Release|Any CPU
		{52870325-74F6-4523-A020-292008154594}.Release|iPhone.ActiveCfg = Release|Any CPU
		{52870325-74F6-4523-A020-292008154594}.Release|iPhone.Build.0 = Release|Any CPU
		{52870325-74F6-4523-A020-292008154594}.Release|iPhone.Deploy.0 = Release|Any CPU
		{52870325-74F6-4523-A020-292008154594}.Release|iPhoneSimulator.ActiveCfg = Release|Any CPU
		{52870325-74F6-4523-A020-292008154594}.Release|iPhoneSimulator.Build.0 = Release|Any CPU
		{52870325-74F6-4523-A020-292008154594}.Release|iPhoneSimulator.Deploy.0 = Release|Any CPU
		{52870325-74F6-4523-A020-292008154594}.Release|x64.ActiveCfg = Release|Any CPU
		{52870325-74F6-4523-A020-292008154594}.Release|x64.Build.0 = Release|Any CPU
		{52870325-74F6-4523-A020-292008154594}.Release|x64.Deploy.0 = Release|Any CPU
		{52870325-74F6-4523-A020-292008154594}.Release|x86.ActiveCfg = Release|Any CPU
		{52870325-74F6-4523-A020-292008154594}.Release|x86.Build.0 = Release|Any CPU
		{52870325-74F6-4523-A020-292008154594}.Release|x86.Deploy.0 = Release|Any CPU
		{AD6EAECB-B623-4C9C-B394-8609ECE1AC2E}.Ad-Hoc|Any CPU.ActiveCfg = Release|x86
		{AD6EAECB-B623-4C9C-B394-8609ECE1AC2E}.Ad-Hoc|Any CPU.Build.0 = Release|x86
		{AD6EAECB-B623-4C9C-B394-8609ECE1AC2E}.Ad-Hoc|Any CPU.Deploy.0 = Release|x86
		{AD6EAECB-B623-4C9C-B394-8609ECE1AC2E}.Ad-Hoc|ARM.ActiveCfg = Release|ARM
		{AD6EAECB-B623-4C9C-B394-8609ECE1AC2E}.Ad-Hoc|ARM.Build.0 = Release|ARM
		{AD6EAECB-B623-4C9C-B394-8609ECE1AC2E}.Ad-Hoc|ARM.Deploy.0 = Release|ARM
		{AD6EAECB-B623-4C9C-B394-8609ECE1AC2E}.Ad-Hoc|iPhone.ActiveCfg = Release|x86
		{AD6EAECB-B623-4C9C-B394-8609ECE1AC2E}.Ad-Hoc|iPhone.Build.0 = Release|x86
		{AD6EAECB-B623-4C9C-B394-8609ECE1AC2E}.Ad-Hoc|iPhone.Deploy.0 = Release|x86
		{AD6EAECB-B623-4C9C-B394-8609ECE1AC2E}.Ad-Hoc|iPhoneSimulator.ActiveCfg = Release|x86
		{AD6EAECB-B623-4C9C-B394-8609ECE1AC2E}.Ad-Hoc|iPhoneSimulator.Build.0 = Release|x86
		{AD6EAECB-B623-4C9C-B394-8609ECE1AC2E}.Ad-Hoc|iPhoneSimulator.Deploy.0 = Release|x86
		{AD6EAECB-B623-4C9C-B394-8609ECE1AC2E}.Ad-Hoc|x64.ActiveCfg = Release|x64
		{AD6EAECB-B623-4C9C-B394-8609ECE1AC2E}.Ad-Hoc|x64.Build.0 = Release|x64
		{AD6EAECB-B623-4C9C-B394-8609ECE1AC2E}.Ad-Hoc|x64.Deploy.0 = Release|x64
		{AD6EAECB-B623-4C9C-B394-8609ECE1AC2E}.Ad-Hoc|x86.ActiveCfg = Release|x86
		{AD6EAECB-B623-4C9C-B394-8609ECE1AC2E}.Ad-Hoc|x86.Build.0 = Release|x86
		{AD6EAECB-B623-4C9C-B394-8609ECE1AC2E}.Ad-Hoc|x86.Deploy.0 = Release|x86
		{AD6EAECB-B623-4C9C-B394-8609ECE1AC2E}.AppStore|Any CPU.ActiveCfg = Release|x86
		{AD6EAECB-B623-4C9C-B394-8609ECE1AC2E}.AppStore|Any CPU.Build.0 = Release|x86
		{AD6EAECB-B623-4C9C-B394-8609ECE1AC2E}.AppStore|Any CPU.Deploy.0 = Release|x86
		{AD6EAECB-B623-4C9C-B394-8609ECE1AC2E}.AppStore|ARM.ActiveCfg = Release|ARM
		{AD6EAECB-B623-4C9C-B394-8609ECE1AC2E}.AppStore|ARM.Build.0 = Release|ARM
		{AD6EAECB-B623-4C9C-B394-8609ECE1AC2E}.AppStore|ARM.Deploy.0 = Release|ARM
		{AD6EAECB-B623-4C9C-B394-8609ECE1AC2E}.AppStore|iPhone.ActiveCfg = Release|x86
		{AD6EAECB-B623-4C9C-B394-8609ECE1AC2E}.AppStore|iPhone.Build.0 = Release|x86
		{AD6EAECB-B623-4C9C-B394-8609ECE1AC2E}.AppStore|iPhone.Deploy.0 = Release|x86
		{AD6EAECB-B623-4C9C-B394-8609ECE1AC2E}.AppStore|iPhoneSimulator.ActiveCfg = Release|x86
		{AD6EAECB-B623-4C9C-B394-8609ECE1AC2E}.AppStore|iPhoneSimulator.Build.0 = Release|x86
		{AD6EAECB-B623-4C9C-B394-8609ECE1AC2E}.AppStore|iPhoneSimulator.Deploy.0 = Release|x86
		{AD6EAECB-B623-4C9C-B394-8609ECE1AC2E}.AppStore|x64.ActiveCfg = Release|x64
		{AD6EAECB-B623-4C9C-B394-8609ECE1AC2E}.AppStore|x64.Build.0 = Release|x64
		{AD6EAECB-B623-4C9C-B394-8609ECE1AC2E}.AppStore|x64.Deploy.0 = Release|x64
		{AD6EAECB-B623-4C9C-B394-8609ECE1AC2E}.AppStore|x86.ActiveCfg = Release|x86
		{AD6EAECB-B623-4C9C-B394-8609ECE1AC2E}.AppStore|x86.Build.0 = Release|x86
		{AD6EAECB-B623-4C9C-B394-8609ECE1AC2E}.AppStore|x86.Deploy.0 = Release|x86
		{AD6EAECB-B623-4C9C-B394-8609ECE1AC2E}.Debug|Any CPU.ActiveCfg = Debug|x86
		{AD6EAECB-B623-4C9C-B394-8609ECE1AC2E}.Debug|ARM.ActiveCfg = Debug|ARM
		{AD6EAECB-B623-4C9C-B394-8609ECE1AC2E}.Debug|ARM.Build.0 = Debug|ARM
		{AD6EAECB-B623-4C9C-B394-8609ECE1AC2E}.Debug|ARM.Deploy.0 = Debug|ARM
		{AD6EAECB-B623-4C9C-B394-8609ECE1AC2E}.Debug|iPhone.ActiveCfg = Debug|x86
		{AD6EAECB-B623-4C9C-B394-8609ECE1AC2E}.Debug|iPhoneSimulator.ActiveCfg = Debug|x86
		{AD6EAECB-B623-4C9C-B394-8609ECE1AC2E}.Debug|x64.ActiveCfg = Debug|x64
		{AD6EAECB-B623-4C9C-B394-8609ECE1AC2E}.Debug|x64.Build.0 = Debug|x64
		{AD6EAECB-B623-4C9C-B394-8609ECE1AC2E}.Debug|x64.Deploy.0 = Debug|x64
		{AD6EAECB-B623-4C9C-B394-8609ECE1AC2E}.Debug|x86.ActiveCfg = Debug|x86
		{AD6EAECB-B623-4C9C-B394-8609ECE1AC2E}.Debug|x86.Build.0 = Debug|x86
		{AD6EAECB-B623-4C9C-B394-8609ECE1AC2E}.Debug|x86.Deploy.0 = Debug|x86
		{AD6EAECB-B623-4C9C-B394-8609ECE1AC2E}.Release|Any CPU.ActiveCfg = Release|x86
		{AD6EAECB-B623-4C9C-B394-8609ECE1AC2E}.Release|ARM.ActiveCfg = Release|ARM
		{AD6EAECB-B623-4C9C-B394-8609ECE1AC2E}.Release|ARM.Build.0 = Release|ARM
		{AD6EAECB-B623-4C9C-B394-8609ECE1AC2E}.Release|ARM.Deploy.0 = Release|ARM
		{AD6EAECB-B623-4C9C-B394-8609ECE1AC2E}.Release|iPhone.ActiveCfg = Release|x86
		{AD6EAECB-B623-4C9C-B394-8609ECE1AC2E}.Release|iPhoneSimulator.ActiveCfg = Release|x86
		{AD6EAECB-B623-4C9C-B394-8609ECE1AC2E}.Release|x64.ActiveCfg = Release|x64
		{AD6EAECB-B623-4C9C-B394-8609ECE1AC2E}.Release|x64.Build.0 = Release|x64
		{AD6EAECB-B623-4C9C-B394-8609ECE1AC2E}.Release|x64.Deploy.0 = Release|x64
		{AD6EAECB-B623-4C9C-B394-8609ECE1AC2E}.Release|x86.ActiveCfg = Release|x86
		{AD6EAECB-B623-4C9C-B394-8609ECE1AC2E}.Release|x86.Build.0 = Release|x86
		{AD6EAECB-B623-4C9C-B394-8609ECE1AC2E}.Release|x86.Deploy.0 = Release|x86
		{2310856E-620B-412D-BE59-9199930627BD}.Ad-Hoc|Any CPU.ActiveCfg = Ad-Hoc|iPhoneSimulator
		{2310856E-620B-412D-BE59-9199930627BD}.Ad-Hoc|ARM.ActiveCfg = Ad-Hoc|iPhone
		{2310856E-620B-412D-BE59-9199930627BD}.Ad-Hoc|iPhone.ActiveCfg = Ad-Hoc|iPhone
		{2310856E-620B-412D-BE59-9199930627BD}.Ad-Hoc|iPhone.Build.0 = Ad-Hoc|iPhone
		{2310856E-620B-412D-BE59-9199930627BD}.Ad-Hoc|iPhoneSimulator.ActiveCfg = Ad-Hoc|iPhoneSimulator
		{2310856E-620B-412D-BE59-9199930627BD}.Ad-Hoc|iPhoneSimulator.Build.0 = Ad-Hoc|iPhoneSimulator
		{2310856E-620B-412D-BE59-9199930627BD}.Ad-Hoc|x64.ActiveCfg = Ad-Hoc|iPhone
		{2310856E-620B-412D-BE59-9199930627BD}.Ad-Hoc|x86.ActiveCfg = Ad-Hoc|iPhone
		{2310856E-620B-412D-BE59-9199930627BD}.AppStore|Any CPU.ActiveCfg = AppStore|iPhoneSimulator
		{2310856E-620B-412D-BE59-9199930627BD}.AppStore|ARM.ActiveCfg = AppStore|iPhone
		{2310856E-620B-412D-BE59-9199930627BD}.AppStore|iPhone.ActiveCfg = AppStore|iPhone
		{2310856E-620B-412D-BE59-9199930627BD}.AppStore|iPhone.Build.0 = AppStore|iPhone
		{2310856E-620B-412D-BE59-9199930627BD}.AppStore|iPhoneSimulator.ActiveCfg = AppStore|iPhoneSimulator
		{2310856E-620B-412D-BE59-9199930627BD}.AppStore|iPhoneSimulator.Build.0 = AppStore|iPhoneSimulator
		{2310856E-620B-412D-BE59-9199930627BD}.AppStore|x64.ActiveCfg = AppStore|iPhone
		{2310856E-620B-412D-BE59-9199930627BD}.AppStore|x86.ActiveCfg = AppStore|iPhone
		{2310856E-620B-412D-BE59-9199930627BD}.Debug|Any CPU.ActiveCfg = Debug|iPhoneSimulator
		{2310856E-620B-412D-BE59-9199930627BD}.Debug|ARM.ActiveCfg = Debug|iPhone
		{2310856E-620B-412D-BE59-9199930627BD}.Debug|iPhone.ActiveCfg = Debug|iPhone
		{2310856E-620B-412D-BE59-9199930627BD}.Debug|iPhone.Build.0 = Debug|iPhone
		{2310856E-620B-412D-BE59-9199930627BD}.Debug|iPhoneSimulator.ActiveCfg = Debug|iPhoneSimulator
		{2310856E-620B-412D-BE59-9199930627BD}.Debug|iPhoneSimulator.Build.0 = Debug|iPhoneSimulator
		{2310856E-620B-412D-BE59-9199930627BD}.Debug|x64.ActiveCfg = Debug|iPhone
		{2310856E-620B-412D-BE59-9199930627BD}.Debug|x86.ActiveCfg = Debug|iPhone
		{2310856E-620B-412D-BE59-9199930627BD}.Release|Any CPU.ActiveCfg = Release|iPhoneSimulator
		{2310856E-620B-412D-BE59-9199930627BD}.Release|ARM.ActiveCfg = Release|iPhone
		{2310856E-620B-412D-BE59-9199930627BD}.Release|iPhone.ActiveCfg = Release|iPhone
		{2310856E-620B-412D-BE59-9199930627BD}.Release|iPhone.Build.0 = Release|iPhone
		{2310856E-620B-412D-BE59-9199930627BD}.Release|iPhoneSimulator.ActiveCfg = Release|iPhoneSimulator
		{2310856E-620B-412D-BE59-9199930627BD}.Release|iPhoneSimulator.Build.0 = Release|iPhoneSimulator
		{2310856E-620B-412D-BE59-9199930627BD}.Release|x64.ActiveCfg = Release|iPhone
		{2310856E-620B-412D-BE59-9199930627BD}.Release|x86.ActiveCfg = Release|iPhone
		{8A2A6AD2-0C63-4C54-B256-70EBE3688640}.Ad-Hoc|Any CPU.ActiveCfg = Debug|Any CPU
		{8A2A6AD2-0C63-4C54-B256-70EBE3688640}.Ad-Hoc|Any CPU.Build.0 = Debug|Any CPU
		{8A2A6AD2-0C63-4C54-B256-70EBE3688640}.Ad-Hoc|ARM.ActiveCfg = Debug|Any CPU
		{8A2A6AD2-0C63-4C54-B256-70EBE3688640}.Ad-Hoc|ARM.Build.0 = Debug|Any CPU
		{8A2A6AD2-0C63-4C54-B256-70EBE3688640}.Ad-Hoc|iPhone.ActiveCfg = Debug|Any CPU
		{8A2A6AD2-0C63-4C54-B256-70EBE3688640}.Ad-Hoc|iPhone.Build.0 = Debug|Any CPU
		{8A2A6AD2-0C63-4C54-B256-70EBE3688640}.Ad-Hoc|iPhoneSimulator.ActiveCfg = Debug|Any CPU
		{8A2A6AD2-0C63-4C54-B256-70EBE3688640}.Ad-Hoc|iPhoneSimulator.Build.0 = Debug|Any CPU
		{8A2A6AD2-0C63-4C54-B256-70EBE3688640}.Ad-Hoc|x64.ActiveCfg = Debug|Any CPU
		{8A2A6AD2-0C63-4C54-B256-70EBE3688640}.Ad-Hoc|x64.Build.0 = Debug|Any CPU
		{8A2A6AD2-0C63-4C54-B256-70EBE3688640}.Ad-Hoc|x86.ActiveCfg = Debug|Any CPU
		{8A2A6AD2-0C63-4C54-B256-70EBE3688640}.Ad-Hoc|x86.Build.0 = Debug|Any CPU
		{8A2A6AD2-0C63-4C54-B256-70EBE3688640}.AppStore|Any CPU.ActiveCfg = Debug|Any CPU
		{8A2A6AD2-0C63-4C54-B256-70EBE3688640}.AppStore|Any CPU.Build.0 = Debug|Any CPU
		{8A2A6AD2-0C63-4C54-B256-70EBE3688640}.AppStore|ARM.ActiveCfg = Debug|Any CPU
		{8A2A6AD2-0C63-4C54-B256-70EBE3688640}.AppStore|ARM.Build.0 = Debug|Any CPU
		{8A2A6AD2-0C63-4C54-B256-70EBE3688640}.AppStore|iPhone.ActiveCfg = Debug|Any CPU
		{8A2A6AD2-0C63-4C54-B256-70EBE3688640}.AppStore|iPhone.Build.0 = Debug|Any CPU
		{8A2A6AD2-0C63-4C54-B256-70EBE3688640}.AppStore|iPhoneSimulator.ActiveCfg = Debug|Any CPU
		{8A2A6AD2-0C63-4C54-B256-70EBE3688640}.AppStore|iPhoneSimulator.Build.0 = Debug|Any CPU
		{8A2A6AD2-0C63-4C54-B256-70EBE3688640}.AppStore|x64.ActiveCfg = Debug|Any CPU
		{8A2A6AD2-0C63-4C54-B256-70EBE3688640}.AppStore|x64.Build.0 = Debug|Any CPU
		{8A2A6AD2-0C63-4C54-B256-70EBE3688640}.AppStore|x86.ActiveCfg = Debug|Any CPU
		{8A2A6AD2-0C63-4C54-B256-70EBE3688640}.AppStore|x86.Build.0 = Debug|Any CPU
		{8A2A6AD2-0C63-4C54-B256-70EBE3688640}.Debug|Any CPU.ActiveCfg = Debug|Any CPU
		{8A2A6AD2-0C63-4C54-B256-70EBE3688640}.Debug|Any CPU.Build.0 = Debug|Any CPU
		{8A2A6AD2-0C63-4C54-B256-70EBE3688640}.Debug|ARM.ActiveCfg = Debug|Any CPU
		{8A2A6AD2-0C63-4C54-B256-70EBE3688640}.Debug|ARM.Build.0 = Debug|Any CPU
		{8A2A6AD2-0C63-4C54-B256-70EBE3688640}.Debug|iPhone.ActiveCfg = Debug|Any CPU
		{8A2A6AD2-0C63-4C54-B256-70EBE3688640}.Debug|iPhone.Build.0 = Debug|Any CPU
		{8A2A6AD2-0C63-4C54-B256-70EBE3688640}.Debug|iPhoneSimulator.ActiveCfg = Debug|Any CPU
		{8A2A6AD2-0C63-4C54-B256-70EBE3688640}.Debug|iPhoneSimulator.Build.0 = Debug|Any CPU
		{8A2A6AD2-0C63-4C54-B256-70EBE3688640}.Debug|x64.ActiveCfg = Debug|Any CPU
		{8A2A6AD2-0C63-4C54-B256-70EBE3688640}.Debug|x64.Build.0 = Debug|Any CPU
		{8A2A6AD2-0C63-4C54-B256-70EBE3688640}.Debug|x86.ActiveCfg = Debug|Any CPU
		{8A2A6AD2-0C63-4C54-B256-70EBE3688640}.Debug|x86.Build.0 = Debug|Any CPU
		{8A2A6AD2-0C63-4C54-B256-70EBE3688640}.Release|Any CPU.ActiveCfg = Release|Any CPU
		{8A2A6AD2-0C63-4C54-B256-70EBE3688640}.Release|Any CPU.Build.0 = Release|Any CPU
		{8A2A6AD2-0C63-4C54-B256-70EBE3688640}.Release|ARM.ActiveCfg = Release|Any CPU
		{8A2A6AD2-0C63-4C54-B256-70EBE3688640}.Release|ARM.Build.0 = Release|Any CPU
		{8A2A6AD2-0C63-4C54-B256-70EBE3688640}.Release|iPhone.ActiveCfg = Release|Any CPU
		{8A2A6AD2-0C63-4C54-B256-70EBE3688640}.Release|iPhone.Build.0 = Release|Any CPU
		{8A2A6AD2-0C63-4C54-B256-70EBE3688640}.Release|iPhoneSimulator.ActiveCfg = Release|Any CPU
		{8A2A6AD2-0C63-4C54-B256-70EBE3688640}.Release|iPhoneSimulator.Build.0 = Release|Any CPU
		{8A2A6AD2-0C63-4C54-B256-70EBE3688640}.Release|x64.ActiveCfg = Release|Any CPU
		{8A2A6AD2-0C63-4C54-B256-70EBE3688640}.Release|x64.Build.0 = Release|Any CPU
		{8A2A6AD2-0C63-4C54-B256-70EBE3688640}.Release|x86.ActiveCfg = Release|Any CPU
		{8A2A6AD2-0C63-4C54-B256-70EBE3688640}.Release|x86.Build.0 = Release|Any CPU
	EndGlobalSection
	GlobalSection(SolutionProperties) = preSolution
		HideSolutionNode = FALSE
	EndGlobalSection
	GlobalSection(ExtensibilityGlobals) = postSolution
		SolutionGuid = {07E9681D-A592-4942-A051-AADFF1582D91}
	EndGlobalSection
EndGlobal
